
Microsoft Visual Studio Solution File, Format Version 11.00
# Visual Studio 2010
Project("{FAE04EC0-301F-11D3-BF4B-00C04F79EFBC}") = "xuyangCRUD", "xuyangCRUD.csproj", "{2DEB0C63-7397-4271-816D-9F286A35B61A}"
EndProject
Project("{FAE04EC0-301F-11D3-BF4B-00C04F79EFBC}") = "XuyangCRUDFramework", "XuyangCRUDFramework\XuyangCRUDFramework.csproj", "{17126B2A-6500-45EA-8A50-5BD1CC0C8010}"
EndProject
Global
	GlobalSection(SolutionConfigurationPlatforms) = preSolution
		Debug|Any CPU = Debug|Any CPU
		Debug|Mixed Platforms = Debug|Mixed Platforms
		Debug|x86 = Debug|x86
		Release|Any CPU = Release|Any CPU
		Release|Mixed Platforms = Release|Mixed Platforms
		Release|x86 = Release|x86
	EndGlobalSection
	GlobalSection(ProjectConfigurationPlatforms) = postSolution
		{2DEB0C63-7397-4271-816D-9F286A35B61A}.Debug|Any CPU.ActiveCfg = Debug|x86
		{2DEB0C63-7397-4271-816D-9F286A35B61A}.Debug|Mixed Platforms.ActiveCfg = Debug|x86
		{2DEB0C63-7397-4271-816D-9F286A35B61A}.Debug|Mixed Platforms.Build.0 = Debug|x86
		{2DEB0C63-7397-4271-816D-9F286A35B61A}.Debug|x86.ActiveCfg = Debug|x86
		{2DEB0C63-7397-4271-816D-9F286A35B61A}.Debug|x86.Build.0 = Debug|x86
		{2DEB0C63-7397-4271-816D-9F286A35B61A}.Release|Any CPU.ActiveCfg = Release|x86
		{2DEB0C63-7397-4271-816D-9F286A35B61A}.Release|Mixed Platforms.ActiveCfg = Release|x86
		{2DEB0C63-7397-4271-816D-9F286A35B61A}.Release|Mixed Platforms.Build.0 = Release|x86
		{2DEB0C63-7397-4271-816D-9F286A35B61A}.Release|x86.ActiveCfg = Release|x86
		{2DEB0C63-7397-4271-816D-9F286A35B61A}.Release|x86.Build.0 = Release|x86
		{17126B2A-6500-45EA-8A50-5BD1CC0C8010}.Debug|Any CPU.ActiveCfg = Debug|Any CPU
		{17126B2A-6500-45EA-8A50-5BD1CC0C8010}.Debug|Any CPU.Build.0 = Debug|Any CPU
		{17126B2A-6500-45EA-8A50-5BD1CC0C8010}.Debug|Mixed Platforms.ActiveCfg = Debug|Any CPU
		{17126B2A-6500-45EA-8A50-5BD1CC0C8010}.Debug|Mixed Platforms.Build.0 = Debug|Any CPU
		{17126B2A-6500-45EA-8A50-5BD1CC0C8010}.Debug|x86.ActiveCfg = Debug|Any CPU
		{17126B2A-6500-45EA-8A50-5BD1CC0C8010}.Release|Any CPU.ActiveCfg = Release|Any CPU
		{17126B2A-6500-45EA-8A50-5BD1CC0C8010}.Release|Any CPU.Build.0 = Release|Any CPU
		{17126B2A-6500-45EA-8A50-5BD1CC0C8010}.Release|Mixed Platforms.ActiveCfg = Release|Any CPU
		{17126B2A-6500-45EA-8A50-5BD1CC0C8010}.Release|Mixed Platforms.Build.0 = Release|Any CPU
		{17126B2A-6500-45EA-8A50-5BD1CC0C8010}.Release|x86.ActiveCfg = Release|Any CPU
	EndGlobalSection
	GlobalSection(SolutionProperties) = preSolution
		HideSolutionNode = FALSE
	EndGlobalSection
EndGlobal
